
Microsoft Visual Studio Solution File, Format Version 12.00
# Visual Studio Version 16
VisualStudioVersion = 16.0.30621.155
MinimumVisualStudioVersion = 10.0.40219.1
Project("{FAE04EC0-301F-11D3-BF4B-00C04F79EFBC}") = "Hwk4_PublisherGUI_v1", "Hwk4_PublisherGUI_v1\Hwk4_PublisherGUI_v1.csproj", "{695D22E9-DBD7-4675-9CBB-83EEFCCBDFB1}"
EndProject
Global
	GlobalSection(SolutionConfigurationPlatforms) = preSolution
		Debug|Any CPU = Debug|Any CPU
		Release|Any CPU = Release|Any CPU
	EndGlobalSection
	GlobalSection(ProjectConfigurationPlatforms) = postSolution
		{695D22E9-DBD7-4675-9CBB-83EEFCCBDFB1}.Debug|Any CPU.ActiveCfg = Debug|Any CPU
		{695D22E9-DBD7-4675-9CBB-83EEFCCBDFB1}.Debug|Any CPU.Build.0 = Debug|Any CPU
		{695D22E9-DBD7-4675-9CBB-83EEFCCBDFB1}.Release|Any CPU.ActiveCfg = Release|Any CPU
		{695D22E9-DBD7-4675-9CBB-83EEFCCBDFB1}.Release|Any CPU.Build.0 = Release|Any CPU
	EndGlobalSection
	GlobalSection(SolutionProperties) = preSolution
		HideSolutionNode = FALSE
	EndGlobalSection
	GlobalSection(ExtensibilityGlobals) = postSolution
		SolutionGuid = {2AF1BE7A-F8CB-4ACF-A472-A6F2BE43BD41}
	EndGlobalSection
EndGlobal
